
Microsoft Visual Studio Solution File, Format Version 12.00
# Visual Studio Version 16
VisualStudioVersion = 16.0.29215.179
MinimumVisualStudioVersion = 10.0.40219.1
Project("{FAE04EC0-301F-11D3-BF4B-00C04F79EFBC}") = "20180829", "20180829\20180829.csproj", "{12D8E680-0E76-4D0B-9D99-08267A8E580D}"
EndProject
Global
	GlobalSection(SolutionConfigurationPlatforms) = preSolution
		Debug|Any CPU = Debug|Any CPU
		Release|Any CPU = Release|Any CPU
	EndGlobalSection
	GlobalSection(ProjectConfigurationPlatforms) = postSolution
		{12D8E680-0E76-4D0B-9D99-08267A8E580D}.Debug|Any CPU.ActiveCfg = Debug|Any CPU
		{12D8E680-0E76-4D0B-9D99-08267A8E580D}.Debug|Any CPU.Build.0 = Debug|Any CPU
		{12D8E680-0E76-4D0B-9D99-08267A8E580D}.Release|Any CPU.ActiveCfg = Release|Any CPU
		{12D8E680-0E76-4D0B-9D99-08267A8E580D}.Release|Any CPU.Build.0 = Release|Any CPU
	EndGlobalSection
	GlobalSection(SolutionProperties) = preSolution
		HideSolutionNode = FALSE
	EndGlobalSection
	GlobalSection(ExtensibilityGlobals) = postSolution
		SolutionGuid = {7E9A4A34-9F32-4BA9-9F59-C036CE22F4BB}
	EndGlobalSection
EndGlobal
